
Microsoft Visual Studio Solution File, Format Version 12.00
# Visual Studio 15
VisualStudioVersion = 15.0.27703.2047
MinimumVisualStudioVersion = 10.0.40219.1
Project("{8BC9CEB8-8B4A-11D0-8D11-00A0C91BC942}") = "SeliEngine", "SeliEngine\SeliEngine.vcxproj", "{9BFC694C-EDCA-42C9-953A-363A654FCB8B}"
EndProject
Global
	GlobalSection(SolutionConfigurationPlatforms) = preSolution
		Debug|x64 = Debug|x64
		Debug|x86 = Debug|x86
		Release|x64 = Release|x64
		Release|x86 = Release|x86
	EndGlobalSection
	GlobalSection(ProjectConfigurationPlatforms) = postSolution
		{9BFC694C-EDCA-42C9-953A-363A654FCB8B}.Debug|x64.ActiveCfg = Debug|x64
		{9BFC694C-EDCA-42C9-953A-363A654FCB8B}.Debug|x64.Build.0 = Debug|x64
		{9BFC694C-EDCA-42C9-953A-363A654FCB8B}.Debug|x86.ActiveCfg = Debug|Win32
		{9BFC694C-EDCA-42C9-953A-363A654FCB8B}.Debug|x86.Build.0 = Debug|Win32
		{9BFC694C-EDCA-42C9-953A-363A654FCB8B}.Release|x64.ActiveCfg = Release|x64
		{9BFC694C-EDCA-42C9-953A-363A654FCB8B}.Release|x64.Build.0 = Release|x64
		{9BFC694C-EDCA-42C9-953A-363A654FCB8B}.Release|x86.ActiveCfg = Release|Win32
		{9BFC694C-EDCA-42C9-953A-363A654FCB8B}.Release|x86.Build.0 = Release|Win32
	EndGlobalSection
	GlobalSection(SolutionProperties) = preSolution
		HideSolutionNode = FALSE
	EndGlobalSection
	GlobalSection(ExtensibilityGlobals) = postSolution
		SolutionGuid = {67BB339D-28B5-49AD-94CF-C5B38C393046}
	EndGlobalSection
EndGlobal
